// !$*UTF8*$!
{
	archiveVersion = 1;
	classes = {
	};
	objectVersion = 51;
	objects = {

/* Begin PBXBuildFile section */
		2158776AF5DCDF4D15487C3D /* Pods_FlickerAppSearch_FlickerAppSearchUITests.framework in Frameworks */ = {isa = PBXBuildFile; fileRef = 8B045B45237766440A7CADEA /* Pods_FlickerAppSearch_FlickerAppSearchUITests.framework */; };
		C2C3E8A726F79B4300F7CBAB /* AppDelegate.swift in Sources */ = {isa = PBXBuildFile; fileRef = C2C3E8A626F79B4300F7CBAB /* AppDelegate.swift */; };
		C2C3E8A926F79B4300F7CBAB /* SceneDelegate.swift in Sources */ = {isa = PBXBuildFile; fileRef = C2C3E8A826F79B4300F7CBAB /* SceneDelegate.swift */; };
		C2C3E8AB26F79B4300F7CBAB /* ViewController.swift in Sources */ = {isa = PBXBuildFile; fileRef = C2C3E8AA26F79B4300F7CBAB /* ViewController.swift */; };
		C2C3E8AE26F79B4300F7CBAB /* Main.storyboard in Resources */ = {isa = PBXBuildFile; fileRef = C2C3E8AC26F79B4300F7CBAB /* Main.storyboard */; };
		C2C3E8B126F79B4300F7CBAB /* FlickerAppSearch.xcdatamodeld in Sources */ = {isa = PBXBuildFile; fileRef = C2C3E8AF26F79B4300F7CBAB /* FlickerAppSearch.xcdatamodeld */; };
		C2C3E8B326F79B4300F7CBAB /* Assets.xcassets in Resources */ = {isa = PBXBuildFile; fileRef = C2C3E8B226F79B4300F7CBAB /* Assets.xcassets */; };
		C2C3E8B626F79B4300F7CBAB /* LaunchScreen.storyboard in Resources */ = {isa = PBXBuildFile; fileRef = C2C3E8B426F79B4300F7CBAB /* LaunchScreen.storyboard */; };
		C2C3E8C126F79B4400F7CBAB /* FlickerAppSearchTests.swift in Sources */ = {isa = PBXBuildFile; fileRef = C2C3E8C026F79B4400F7CBAB /* FlickerAppSearchTests.swift */; };
		C2C3E8CC26F79B4400F7CBAB /* FlickerAppSearchUITests.swift in Sources */ = {isa = PBXBuildFile; fileRef = C2C3E8CB26F79B4400F7CBAB /* FlickerAppSearchUITests.swift */; };
		D5F9C6D9E68D041158FDD2A3 /* Pods_FlickerAppSearch.framework in Frameworks */ = {isa = PBXBuildFile; fileRef = 72986AA736602C682021412B /* Pods_FlickerAppSearch.framework */; };
		F4F90A8C978C65005C713C5E /* Pods_FlickerAppSearchTests.framework in Frameworks */ = {isa = PBXBuildFile; fileRef = 118A7FDD8218620CCDB7D09E /* Pods_FlickerAppSearchTests.framework */; };
/* End PBXBuildFile section */

/* Begin PBXContainerItemProxy section */
		C2C3E8BD26F79B4400F7CBAB /* PBXContainerItemProxy */ = {
			isa = PBXContainerItemProxy;
			containerPortal = C2C3E89B26F79B4300F7CBAB /* Project object */;
			proxyType = 1;
			remoteGlobalIDString = C2C3E8A226F79B4300F7CBAB;
			remoteInfo = FlickerAppSearch;
		};
		C2C3E8C826F79B4400F7CBAB /* PBXContainerItemProxy */ = {
			isa = PBXContainerItemProxy;
			containerPortal = C2C3E89B26F79B4300F7CBAB /* Project object */;
			proxyType = 1;
			remoteGlobalIDString = C2C3E8A226F79B4300F7CBAB;
			remoteInfo = FlickerAppSearch;
		};
/* End PBXContainerItemProxy section */

/* Begin PBXFileReference section */
		118A7FDD8218620CCDB7D09E /* Pods_FlickerAppSearchTests.framework */ = {isa = PBXFileReference; explicitFileType = wrapper.framework; includeInIndex = 0; path = Pods_FlickerAppSearchTests.framework; sourceTree = BUILT_PRODUCTS_DIR; };
		3B5776BE657003E91075F24E /* Pods-FlickerAppSearchTests.debug.xcconfig */ = {isa = PBXFileReference; includeInIndex = 1; lastKnownFileType = text.xcconfig; name = "Pods-FlickerAppSearchTests.debug.xcconfig"; path = "Target Support Files/Pods-FlickerAppSearchTests/Pods-FlickerAppSearchTests.debug.xcconfig"; sourceTree = "<group>"; };
		4CEBC86475D051F90EAF4403 /* Pods-FlickerAppSearch-FlickerAppSearchUITests.debug.xcconfig */ = {isa = PBXFileReference; includeInIndex = 1; lastKnownFileType = text.xcconfig; name = "Pods-FlickerAppSearch-FlickerAppSearchUITests.debug.xcconfig"; path = "Target Support Files/Pods-FlickerAppSearch-FlickerAppSearchUITests/Pods-FlickerAppSearch-FlickerAppSearchUITests.debug.xcconfig"; sourceTree = "<group>"; };
		72986AA736602C682021412B /* Pods_FlickerAppSearch.framework */ = {isa = PBXFileReference; explicitFileType = wrapper.framework; includeInIndex = 0; path = Pods_FlickerAppSearch.framework; sourceTree = BUILT_PRODUCTS_DIR; };
		8583FBA2928A52A00E576A92 /* Pods-FlickerAppSearch-FlickerAppSearchUITests.release.xcconfig */ = {isa = PBXFileReference; includeInIndex = 1; lastKnownFileType = text.xcconfig; name = "Pods-FlickerAppSearch-FlickerAppSearchUITests.release.xcconfig"; path = "Target Support Files/Pods-FlickerAppSearch-FlickerAppSearchUITests/Pods-FlickerAppSearch-FlickerAppSearchUITests.release.xcconfig"; sourceTree = "<group>"; };
		8B045B45237766440A7CADEA /* Pods_FlickerAppSearch_FlickerAppSearchUITests.framework */ = {isa = PBXFileReference; explicitFileType = wrapper.framework; includeInIndex = 0; path = Pods_FlickerAppSearch_FlickerAppSearchUITests.framework; sourceTree = BUILT_PRODUCTS_DIR; };
		981AE9B5341103403301E2A8 /* Pods-FlickerAppSearch.debug.xcconfig */ = {isa = PBXFileReference; includeInIndex = 1; lastKnownFileType = text.xcconfig; name = "Pods-FlickerAppSearch.debug.xcconfig"; path = "Target Support Files/Pods-FlickerAppSearch/Pods-FlickerAppSearch.debug.xcconfig"; sourceTree = "<group>"; };
		9D23467469DDC15874D6FB9B /* Pods-FlickerAppSearch.release.xcconfig */ = {isa = PBXFileReference; includeInIndex = 1; lastKnownFileType = text.xcconfig; name = "Pods-FlickerAppSearch.release.xcconfig"; path = "Target Support Files/Pods-FlickerAppSearch/Pods-FlickerAppSearch.release.xcconfig"; sourceTree = "<group>"; };
		A5A79059922596446FABDA12 /* Pods-FlickerAppSearchTests.release.xcconfig */ = {isa = PBXFileReference; includeInIndex = 1; lastKnownFileType = text.xcconfig; name = "Pods-FlickerAppSearchTests.release.xcconfig"; path = "Target Support Files/Pods-FlickerAppSearchTests/Pods-FlickerAppSearchTests.release.xcconfig"; sourceTree = "<group>"; };
		C2C3E8A326F79B4300F7CBAB /* FlickerAppSearch.app */ = {isa = PBXFileReference; explicitFileType = wrapper.application; includeInIndex = 0; path = FlickerAppSearch.app; sourceTree = BUILT_PRODUCTS_DIR; };
		C2C3E8A626F79B4300F7CBAB /* AppDelegate.swift */ = {isa = PBXFileReference; lastKnownFileType = sourcecode.swift; path = AppDelegate.swift; sourceTree = "<group>"; };
		C2C3E8A826F79B4300F7CBAB /* SceneDelegate.swift */ = {isa = PBXFileReference; lastKnownFileType = sourcecode.swift; path = SceneDelegate.swift; sourceTree = "<group>"; };
		C2C3E8AA26F79B4300F7CBAB /* ViewController.swift */ = {isa = PBXFileReference; lastKnownFileType = sourcecode.swift; path = ViewController.swift; sourceTree = "<group>"; };
		C2C3E8AD26F79B4300F7CBAB /* Base */ = {isa = PBXFileReference; lastKnownFileType = file.storyboard; name = Base; path = Base.lproj/Main.storyboard; sourceTree = "<group>"; };
		C2C3E8B026F79B4300F7CBAB /* FlickerAppSearch.xcdatamodel */ = {isa = PBXFileReference; lastKnownFileType = wrapper.xcdatamodel; path = FlickerAppSearch.xcdatamodel; sourceTree = "<group>"; };
		C2C3E8B226F79B4300F7CBAB /* Assets.xcassets */ = {isa = PBXFileReference; lastKnownFileType = folder.assetcatalog; path = Assets.xcassets; sourceTree = "<group>"; };
		C2C3E8B526F79B4300F7CBAB /* Base */ = {isa = PBXFileReference; lastKnownFileType = file.storyboard; name = Base; path = Base.lproj/LaunchScreen.storyboard; sourceTree = "<group>"; };
		C2C3E8B726F79B4300F7CBAB /* Info.plist */ = {isa = PBXFileReference; lastKnownFileType = text.plist.xml; path = Info.plist; sourceTree = "<group>"; };
		C2C3E8BC26F79B4400F7CBAB /* FlickerAppSearchTests.xctest */ = {isa = PBXFileReference; explicitFileType = wrapper.cfbundle; includeInIndex = 0; path = FlickerAppSearchTests.xctest; sourceTree = BUILT_PRODUCTS_DIR; };
		C2C3E8C026F79B4400F7CBAB /* FlickerAppSearchTests.swift */ = {isa = PBXFileReference; lastKnownFileType = sourcecode.swift; path = FlickerAppSearchTests.swift; sourceTree = "<group>"; };
		C2C3E8C226F79B4400F7CBAB /* Info.plist */ = {isa = PBXFileReference; lastKnownFileType = text.plist.xml; path = Info.plist; sourceTree = "<group>"; };
		C2C3E8C726F79B4400F7CBAB /* FlickerAppSearchUITests.xctest */ = {isa = PBXFileReference; explicitFileType = wrapper.cfbundle; includeInIndex = 0; path = FlickerAppSearchUITests.xctest; sourceTree = BUILT_PRODUCTS_DIR; };
		C2C3E8CB26F79B4400F7CBAB /* FlickerAppSearchUITests.swift */ = {isa = PBXFileReference; lastKnownFileType = sourcecode.swift; path = FlickerAppSearchUITests.swift; sourceTree = "<group>"; };
		C2C3E8CD26F79B4400F7CBAB /* Info.plist */ = {isa = PBXFileReference; lastKnownFileType = text.plist.xml; path = Info.plist; sourceTree = "<group>"; };
/* End PBXFileReference section */

/* Begin PBXFrameworksBuildPhase section */
		C2C3E8A026F79B4300F7CBAB /* Frameworks */ = {
			isa = PBXFrameworksBuildPhase;
			buildActionMask = 2147483647;
			files = (
				D5F9C6D9E68D041158FDD2A3 /* Pods_FlickerAppSearch.framework in Frameworks */,
			);
			runOnlyForDeploymentPostprocessing = 0;
		};
		C2C3E8B926F79B4400F7CBAB /* Frameworks */ = {
			isa = PBXFrameworksBuildPhase;
			buildActionMask = 2147483647;
			files = (
				F4F90A8C978C65005C713C5E /* Pods_FlickerAppSearchTests.framework in Frameworks */,
			);
			runOnlyForDeploymentPostprocessing = 0;
		};
		C2C3E8C426F79B4400F7CBAB /* Frameworks */ = {
			isa = PBXFrameworksBuildPhase;
			buildActionMask = 2147483647;
			files = (
				2158776AF5DCDF4D15487C3D /* Pods_FlickerAppSearch_FlickerAppSearchUITests.framework in Frameworks */,
			);
			runOnlyForDeploymentPostprocessing = 0;
		};
/* End PBXFrameworksBuildPhase section */

/* Begin PBXGroup section */
		8C8DCB5A43586117E4D15987 /* Pods */ = {
			isa = PBXGroup;
			children = (
				981AE9B5341103403301E2A8 /* Pods-FlickerAppSearch.debug.xcconfig */,
				9D23467469DDC15874D6FB9B /* Pods-FlickerAppSearch.release.xcconfig */,
				4CEBC86475D051F90EAF4403 /* Pods-FlickerAppSearch-FlickerAppSearchUITests.debug.xcconfig */,
				8583FBA2928A52A00E576A92 /* Pods-FlickerAppSearch-FlickerAppSearchUITests.release.xcconfig */,
				3B5776BE657003E91075F24E /* Pods-FlickerAppSearchTests.debug.xcconfig */,
				A5A79059922596446FABDA12 /* Pods-FlickerAppSearchTests.release.xcconfig */,
			);
			path = Pods;
			sourceTree = "<group>";
		};
		938AB88BA249D1EF8154DDEB /* Frameworks */ = {
			isa = PBXGroup;
			children = (
				72986AA736602C682021412B /* Pods_FlickerAppSearch.framework */,
				8B045B45237766440A7CADEA /* Pods_FlickerAppSearch_FlickerAppSearchUITests.framework */,
				118A7FDD8218620CCDB7D09E /* Pods_FlickerAppSearchTests.framework */,
			);
			name = Frameworks;
			sourceTree = "<group>";
		};
		C2C3E89A26F79B4300F7CBAB = {
			isa = PBXGroup;
			children = (
				C2C3E8A526F79B4300F7CBAB /* FlickerAppSearch */,
				C2C3E8BF26F79B4400F7CBAB /* FlickerAppSearchTests */,
				C2C3E8CA26F79B4400F7CBAB /* FlickerAppSearchUITests */,
				C2C3E8A426F79B4300F7CBAB /* Products */,
				8C8DCB5A43586117E4D15987 /* Pods */,
				938AB88BA249D1EF8154DDEB /* Frameworks */,
			);
			sourceTree = "<group>";
		};
		C2C3E8A426F79B4300F7CBAB /* Products */ = {
			isa = PBXGroup;
			children = (
				C2C3E8A326F79B4300F7CBAB /* FlickerAppSearch.app */,
				C2C3E8BC26F79B4400F7CBAB /* FlickerAppSearchTests.xctest */,
				C2C3E8C726F79B4400F7CBAB /* FlickerAppSearchUITests.xctest */,
			);
			name = Products;
			sourceTree = "<group>";
		};
		C2C3E8A526F79B4300F7CBAB /* FlickerAppSearch */ = {
			isa = PBXGroup;
			children = (
				C2C3E8A626F79B4300F7CBAB /* AppDelegate.swift */,
				C2C3E8A826F79B4300F7CBAB /* SceneDelegate.swift */,
				C2C3E8AA26F79B4300F7CBAB /* ViewController.swift */,
				C2C3E8AC26F79B4300F7CBAB /* Main.storyboard */,
				C2C3E8B226F79B4300F7CBAB /* Assets.xcassets */,
				C2C3E8B426F79B4300F7CBAB /* LaunchScreen.storyboard */,
				C2C3E8B726F79B4300F7CBAB /* Info.plist */,
				C2C3E8AF26F79B4300F7CBAB /* FlickerAppSearch.xcdatamodeld */,
			);
			path = FlickerAppSearch;
			sourceTree = "<group>";
		};
		C2C3E8BF26F79B4400F7CBAB /* FlickerAppSearchTests */ = {
			isa = PBXGroup;
			children = (
				C2C3E8C026F79B4400F7CBAB /* FlickerAppSearchTests.swift */,
				C2C3E8C226F79B4400F7CBAB /* Info.plist */,
			);
			path = FlickerAppSearchTests;
			sourceTree = "<group>";
		};
		C2C3E8CA26F79B4400F7CBAB /* FlickerAppSearchUITests */ = {
			isa = PBXGroup;
			children = (
				C2C3E8CB26F79B4400F7CBAB /* FlickerAppSearchUITests.swift */,
				C2C3E8CD26F79B4400F7CBAB /* Info.plist */,
			);
			path = FlickerAppSearchUITests;
			sourceTree = "<group>";
		};
/* End PBXGroup section */

/* Begin PBXNativeTarget section */
		C2C3E8A226F79B4300F7CBAB /* FlickerAppSearch */ = {
			isa = PBXNativeTarget;
			buildConfigurationList = C2C3E8D026F79B4400F7CBAB /* Build configuration list for PBXNativeTarget "FlickerAppSearch" */;
			buildPhases = (
				4A27B63FC66BB80986D609FC /* [CP] Check Pods Manifest.lock */,
				C2C3E89F26F79B4300F7CBAB /* Sources */,
				C2C3E8A026F79B4300F7CBAB /* Frameworks */,
				C2C3E8A126F79B4300F7CBAB /* Resources */,
				331C7C127E94EBF5FD43C417 /* [CP] Embed Pods Frameworks */,
			);
			buildRules = (
			);
			dependencies = (
			);
			name = FlickerAppSearch;
			productName = FlickerAppSearch;
			productReference = C2C3E8A326F79B4300F7CBAB /* FlickerAppSearch.app */;
			productType = "com.apple.product-type.application";
		};
		C2C3E8BB26F79B4400F7CBAB /* FlickerAppSearchTests */ = {
			isa = PBXNativeTarget;
			buildConfigurationList = C2C3E8D326F79B4400F7CBAB /* Build configuration list for PBXNativeTarget "FlickerAppSearchTests" */;
			buildPhases = (
				898278F668185181C25CF11A /* [CP] Check Pods Manifest.lock */,
				C2C3E8B826F79B4400F7CBAB /* Sources */,
				C2C3E8B926F79B4400F7CBAB /* Frameworks */,
				C2C3E8BA26F79B4400F7CBAB /* Resources */,
				9E015F7387D0A80B59D6609B /* [CP] Embed Pods Frameworks */,
			);
			buildRules = (
			);
			dependencies = (
				C2C3E8BE26F79B4400F7CBAB /* PBXTargetDependency */,
			);
			name = FlickerAppSearchTests;
			productName = FlickerAppSearchTests;
			productReference = C2C3E8BC26F79B4400F7CBAB /* FlickerAppSearchTests.xctest */;
			productType = "com.apple.product-type.bundle.unit-test";
		};
		C2C3E8C626F79B4400F7CBAB /* FlickerAppSearchUITests */ = {
			isa = PBXNativeTarget;
			buildConfigurationList = C2C3E8D626F79B4400F7CBAB /* Build configuration list for PBXNativeTarget "FlickerAppSearchUITests" */;
			buildPhases = (
				BBAB0FFEE6DEF077CC91A1CB /* [CP] Check Pods Manifest.lock */,
				C2C3E8C326F79B4400F7CBAB /* Sources */,
				C2C3E8C426F79B4400F7CBAB /* Frameworks */,
				C2C3E8C526F79B4400F7CBAB /* Resources */,
				DC757C0CE209503CB93AB72B /* [CP] Embed Pods Frameworks */,
			);
			buildRules = (
			);
			dependencies = (
				C2C3E8C926F79B4400F7CBAB /* PBXTargetDependency */,
			);
			name = FlickerAppSearchUITests;
			productName = FlickerAppSearchUITests;
			productReference = C2C3E8C726F79B4400F7CBAB /* FlickerAppSearchUITests.xctest */;
			productType = "com.apple.product-type.bundle.ui-testing";
		};
/* End PBXNativeTarget section */

/* Begin PBXProject section */
		C2C3E89B26F79B4300F7CBAB /* Project object */ = {
			isa = PBXProject;
			attributes = {
				LastSwiftUpdateCheck = 1250;
				LastUpgradeCheck = 1250;
				TargetAttributes = {
					C2C3E8A226F79B4300F7CBAB = {
						CreatedOnToolsVersion = 12.5.1;
					};
					C2C3E8BB26F79B4400F7CBAB = {
						CreatedOnToolsVersion = 12.5.1;
						TestTargetID = C2C3E8A226F79B4300F7CBAB;
					};
					C2C3E8C626F79B4400F7CBAB = {
						CreatedOnToolsVersion = 12.5.1;
						TestTargetID = C2C3E8A226F79B4300F7CBAB;
					};
				};
			};
			buildConfigurationList = C2C3E89E26F79B4300F7CBAB /* Build configuration list for PBXProject "FlickerAppSearch" */;
			compatibilityVersion = "Xcode 9.3";
			developmentRegion = en;
			hasScannedForEncodings = 0;
			knownRegions = (
				en,
				Base,
			);
			mainGroup = C2C3E89A26F79B4300F7CBAB;
			productRefGroup = C2C3E8A426F79B4300F7CBAB /* Products */;
			projectDirPath = "";
			projectRoot = "";
			targets = (
				C2C3E8A226F79B4300F7CBAB /* FlickerAppSearch */,
				C2C3E8BB26F79B4400F7CBAB /* FlickerAppSearchTests */,
				C2C3E8C626F79B4400F7CBAB /* FlickerAppSearchUITests */,
			);
		};
/* End PBXProject section */

/* Begin PBXResourcesBuildPhase section */
		C2C3E8A126F79B4300F7CBAB /* Resources */ = {
			isa = PBXResourcesBuildPhase;
			buildActionMask = 2147483647;
			files = (
				C2C3E8B626F79B4300F7CBAB /* LaunchScreen.storyboard in Resources */,
				C2C3E8B326F79B4300F7CBAB /* Assets.xcassets in Resources */,
				C2C3E8AE26F79B4300F7CBAB /* Main.storyboard in Resources */,
			);
			runOnlyForDeploymentPostprocessing = 0;
		};
		C2C3E8BA26F79B4400F7CBAB /* Resources */ = {
			isa = PBXResourcesBuildPhase;
			buildActionMask = 2147483647;
			files = (
			);
			runOnlyForDeploymentPostprocessing = 0;
		};
		C2C3E8C526F79B4400F7CBAB /* Resources */ = {
			isa = PBXResourcesBuildPhase;
			buildActionMask = 2147483647;
			files = (
			);
			runOnlyForDeploymentPostprocessing = 0;
		};
/* End PBXResourcesBuildPhase section */

/* Begin PBXShellScriptBuildPhase section */
		331C7C127E94EBF5FD43C417 /* [CP] Embed Pods Frameworks */ = {
			isa = PBXShellScriptBuildPhase;
			buildActionMask = 2147483647;
			files = (
			);
			inputFileListPaths = (
				"${PODS_ROOT}/Target Support Files/Pods-FlickerAppSearch/Pods-FlickerAppSearch-frameworks-${CONFIGURATION}-input-files.xcfilelist",
			);
			name = "[CP] Embed Pods Frameworks";
			outputFileListPaths = (
				"${PODS_ROOT}/Target Support Files/Pods-FlickerAppSearch/Pods-FlickerAppSearch-frameworks-${CONFIGURATION}-output-files.xcfilelist",
			);
			runOnlyForDeploymentPostprocessing = 0;
			shellPath = /bin/sh;
			shellScript = "\"${PODS_ROOT}/Target Support Files/Pods-FlickerAppSearch/Pods-FlickerAppSearch-frameworks.sh\"\n";
			showEnvVarsInLog = 0;
		};
		4A27B63FC66BB80986D609FC /* [CP] Check Pods Manifest.lock */ = {
			isa = PBXShellScriptBuildPhase;
			buildActionMask = 2147483647;
			files = (
			);
			inputFileListPaths = (
			);
			inputPaths = (
				"${PODS_PODFILE_DIR_PATH}/Podfile.lock",
				"${PODS_ROOT}/Manifest.lock",
			);
			name = "[CP] Check Pods Manifest.lock";
			outputFileListPaths = (
			);
			outputPaths = (
				"$(DERIVED_FILE_DIR)/Pods-FlickerAppSearch-checkManifestLockResult.txt",
			);
			runOnlyForDeploymentPostprocessing = 0;
			shellPath = /bin/sh;
			shellScript = "diff \"${PODS_PODFILE_DIR_PATH}/Podfile.lock\" \"${PODS_ROOT}/Manifest.lock\" > /dev/null\nif [ $? != 0 ] ; then\n    # print error to STDERR\n    echo \"error: The sandbox is not in sync with the Podfile.lock. Run 'pod install' or update your CocoaPods installation.\" >&2\n    exit 1\nfi\n# This output is used by Xcode 'outputs' to avoid re-running this script phase.\necho \"SUCCESS\" > \"${SCRIPT_OUTPUT_FILE_0}\"\n";
			showEnvVarsInLog = 0;
		};
		898278F668185181C25CF11A /* [CP] Check Pods Manifest.lock */ = {
			isa = PBXShellScriptBuildPhase;
			buildActionMask = 2147483647;
			files = (
			);
			inputFileListPaths = (
			);
			inputPaths = (
				"${PODS_PODFILE_DIR_PATH}/Podfile.lock",
				"${PODS_ROOT}/Manifest.lock",
			);
			name = "[CP] Check Pods Manifest.lock";
			outputFileListPaths = (
			);
			outputPaths = (
				"$(DERIVED_FILE_DIR)/Pods-FlickerAppSearchTests-checkManifestLockResult.txt",
			);
			runOnlyForDeploymentPostprocessing = 0;
			shellPath = /bin/sh;
			shellScript = "diff \"${PODS_PODFILE_DIR_PATH}/Podfile.lock\" \"${PODS_ROOT}/Manifest.lock\" > /dev/null\nif [ $? != 0 ] ; then\n    # print error to STDERR\n    echo \"error: The sandbox is not in sync with the Podfile.lock. Run 'pod install' or update your CocoaPods installation.\" >&2\n    exit 1\nfi\n# This output is used by Xcode 'outputs' to avoid re-running this script phase.\necho \"SUCCESS\" > \"${SCRIPT_OUTPUT_FILE_0}\"\n";
			showEnvVarsInLog = 0;
		};
		9E015F7387D0A80B59D6609B /* [CP] Embed Pods Frameworks */ = {
			isa = PBXShellScriptBuildPhase;
			buildActionMask = 2147483647;
			files = (
			);
			inputFileListPaths = (
				"${PODS_ROOT}/Target Support Files/Pods-FlickerAppSearchTests/Pods-FlickerAppSearchTests-frameworks-${CONFIGURATION}-input-files.xcfilelist",
			);
			name = "[CP] Embed Pods Frameworks";
			outputFileListPaths = (
				"${PODS_ROOT}/Target Support Files/Pods-FlickerAppSearchTests/Pods-FlickerAppSearchTests-frameworks-${CONFIGURATION}-output-files.xcfilelist",
			);
			runOnlyForDeploymentPostprocessing = 0;
			shellPath = /bin/sh;
			shellScript = "\"${PODS_ROOT}/Target Support Files/Pods-FlickerAppSearchTests/Pods-FlickerAppSearchTests-frameworks.sh\"\n";
			showEnvVarsInLog = 0;
		};
		BBAB0FFEE6DEF077CC91A1CB /* [CP] Check Pods Manifest.lock */ = {
			isa = PBXShellScriptBuildPhase;
			buildActionMask = 2147483647;
			files = (
			);
			inputFileListPaths = (
			);
			inputPaths = (
				"${PODS_PODFILE_DIR_PATH}/Podfile.lock",
				"${PODS_ROOT}/Manifest.lock",
			);
			name = "[CP] Check Pods Manifest.lock";
			outputFileListPaths = (
			);
			outputPaths = (
				"$(DERIVED_FILE_DIR)/Pods-FlickerAppSearch-FlickerAppSearchUITests-checkManifestLockResult.txt",
			);
			runOnlyForDeploymentPostprocessing = 0;
			shellPath = /bin/sh;
			shellScript = "diff \"${PODS_PODFILE_DIR_PATH}/Podfile.lock\" \"${PODS_ROOT}/Manifest.lock\" > /dev/null\nif [ $? != 0 ] ; then\n    # print error to STDERR\n    echo \"error: The sandbox is not in sync with the Podfile.lock. Run 'pod install' or update your CocoaPods installation.\" >&2\n    exit 1\nfi\n# This output is used by Xcode 'outputs' to avoid re-running this script phase.\necho \"SUCCESS\" > \"${SCRIPT_OUTPUT_FILE_0}\"\n";
			showEnvVarsInLog = 0;
		};
		DC757C0CE209503CB93AB72B /* [CP] Embed Pods Frameworks */ = {
			isa = PBXShellScriptBuildPhase;
			buildActionMask = 2147483647;
			files = (
			);
			inputFileListPaths = (
				"${PODS_ROOT}/Target Support Files/Pods-FlickerAppSearch-FlickerAppSearchUITests/Pods-FlickerAppSearch-FlickerAppSearchUITests-frameworks-${CONFIGURATION}-input-files.xcfilelist",
			);
			name = "[CP] Embed Pods Frameworks";
			outputFileListPaths = (
				"${PODS_ROOT}/Target Support Files/Pods-FlickerAppSearch-FlickerAppSearchUITests/Pods-FlickerAppSearch-FlickerAppSearchUITests-frameworks-${CONFIGURATION}-output-files.xcfilelist",
			);
			runOnlyForDeploymentPostprocessing = 0;
			shellPath = /bin/sh;
			shellScript = "\"${PODS_ROOT}/Target Support Files/Pods-FlickerAppSearch-FlickerAppSearchUITests/Pods-FlickerAppSearch-FlickerAppSearchUITests-frameworks.sh\"\n";
			showEnvVarsInLog = 0;
		};
/* End PBXShellScriptBuildPhase section */

/* Begin PBXSourcesBuildPhase section */
		C2C3E89F26F79B4300F7CBAB /* Sources */ = {
			isa = PBXSourcesBuildPhase;
			buildActionMask = 2147483647;
			files = (
				C2C3E8B126F79B4300F7CBAB /* FlickerAppSearch.xcdatamodeld in Sources */,
				C2C3E8AB26F79B4300F7CBAB /* ViewController.swift in Sources */,
				C2C3E8A726F79B4300F7CBAB /* AppDelegate.swift in Sources */,
				C2C3E8A926F79B4300F7CBAB /* SceneDelegate.swift in Sources */,
			);
			runOnlyForDeploymentPostprocessing = 0;
		};
		C2C3E8B826F79B4400F7CBAB /* Sources */ = {
			isa = PBXSourcesBuildPhase;
			buildActionMask = 2147483647;
			files = (
				C2C3E8C126F79B4400F7CBAB /* FlickerAppSearchTests.swift in Sources */,
			);
			runOnlyForDeploymentPostprocessing = 0;
		};
		C2C3E8C326F79B4400F7CBAB /* Sources */ = {
			isa = PBXSourcesBuildPhase;
			buildActionMask = 2147483647;
			files = (
				C2C3E8CC26F79B4400F7CBAB /* FlickerAppSearchUITests.swift in Sources */,
			);
			runOnlyForDeploymentPostprocessing = 0;
		};
/* End PBXSourcesBuildPhase section */

/* Begin PBXTargetDependency section */
		C2C3E8BE26F79B4400F7CBAB /* PBXTargetDependency */ = {
			isa = PBXTargetDependency;
			target = C2C3E8A226F79B4300F7CBAB /* FlickerAppSearch */;
			targetProxy = C2C3E8BD26F79B4400F7CBAB /* PBXContainerItemProxy */;
		};
		C2C3E8C926F79B4400F7CBAB /* PBXTargetDependency */ = {
			isa = PBXTargetDependency;
			target = C2C3E8A226F79B4300F7CBAB /* FlickerAppSearch */;
			targetProxy = C2C3E8C826F79B4400F7CBAB /* PBXContainerItemProxy */;
		};
/* End PBXTargetDependency section */

/* Begin PBXVariantGroup section */
		C2C3E8AC26F79B4300F7CBAB /* Main.storyboard */ = {
			isa = PBXVariantGroup;
			children = (
				C2C3E8AD26F79B4300F7CBAB /* Base */,
			);
			name = Main.storyboard;
			sourceTree = "<group>";
		};
		C2C3E8B426F79B4300F7CBAB /* LaunchScreen.storyboard */ = {
			isa = PBXVariantGroup;
			children = (
				C2C3E8B526F79B4300F7CBAB /* Base */,
			);
			name = LaunchScreen.storyboard;
			sourceTree = "<group>";
		};
/* End PBXVariantGroup section */

/* Begin XCBuildConfiguration section */
		C2C3E8CE26F79B4400F7CBAB /* Debug */ = {
			isa = XCBuildConfiguration;
			buildSettings = {
				ALWAYS_SEARCH_USER_PATHS = NO;
				CLANG_ANALYZER_NONNULL = YES;
				CLANG_ANALYZER_NUMBER_OBJECT_CONVERSION = YES_AGGRESSIVE;
				CLANG_CXX_LANGUAGE_STANDARD = "gnu++14";
				CLANG_CXX_LIBRARY = "libc++";
				CLANG_ENABLE_MODULES = YES;
				CLANG_ENABLE_OBJC_ARC = YES;
				CLANG_ENABLE_OBJC_WEAK = YES;
				CLANG_WARN_BLOCK_CAPTURE_AUTORELEASING = YES;
				CLANG_WARN_BOOL_CONVERSION = YES;
				CLANG_WARN_COMMA = YES;
				CLANG_WARN_CONSTANT_CONVERSION = YES;
				CLANG_WARN_DEPRECATED_OBJC_IMPLEMENTATIONS = YES;
				CLANG_WARN_DIRECT_OBJC_ISA_USAGE = YES_ERROR;
				CLANG_WARN_DOCUMENTATION_COMMENTS = YES;
				CLANG_WARN_EMPTY_BODY = YES;
				CLANG_WARN_ENUM_CONVERSION = YES;
				CLANG_WARN_INFINITE_RECURSION = YES;
				CLANG_WARN_INT_CONVERSION = YES;
				CLANG_WARN_NON_LITERAL_NULL_CONVERSION = YES;
				CLANG_WARN_OBJC_IMPLICIT_RETAIN_SELF = YES;
				CLANG_WARN_OBJC_LITERAL_CONVERSION = YES;
				CLANG_WARN_OBJC_ROOT_CLASS = YES_ERROR;
				CLANG_WARN_QUOTED_INCLUDE_IN_FRAMEWORK_HEADER = YES;
				CLANG_WARN_RANGE_LOOP_ANALYSIS = YES;
				CLANG_WARN_STRICT_PROTOTYPES = YES;
				CLANG_WARN_SUSPICIOUS_MOVE = YES;
				CLANG_WARN_UNGUARDED_AVAILABILITY = YES_AGGRESSIVE;
				CLANG_WARN_UNREACHABLE_CODE = YES;
				CLANG_WARN__DUPLICATE_METHOD_MATCH = YES;
				COPY_PHASE_STRIP = NO;
				DEBUG_INFORMATION_FORMAT = dwarf;
				ENABLE_STRICT_OBJC_MSGSEND = YES;
				ENABLE_TESTABILITY = YES;
				GCC_C_LANGUAGE_STANDARD = gnu11;
				GCC_DYNAMIC_NO_PIC = NO;
				GCC_NO_COMMON_BLOCKS = YES;
				GCC_OPTIMIZATION_LEVEL = 0;
				GCC_PREPROCESSOR_DEFINITIONS = (
					"DEBUG=1",
					"$(inherited)",
				);
				GCC_WARN_64_TO_32_BIT_CONVERSION = YES;
				GCC_WARN_ABOUT_RETURN_TYPE = YES_ERROR;
				GCC_WARN_UNDECLARED_SELECTOR = YES;
				GCC_WARN_UNINITIALIZED_AUTOS = YES_AGGRESSIVE;
				GCC_WARN_UNUSED_FUNCTION = YES;
				GCC_WARN_UNUSED_VARIABLE = YES;
				IPHONEOS_DEPLOYMENT_TARGET = 14.5;
				MTL_ENABLE_DEBUG_INFO = INCLUDE_SOURCE;
				MTL_FAST_MATH = YES;
				ONLY_ACTIVE_ARCH = YES;
				SDKROOT = iphoneos;
				SWIFT_ACTIVE_COMPILATION_CONDITIONS = DEBUG;
				SWIFT_OPTIMIZATION_LEVEL = "-Onone";
			};
			name = Debug;
		};
		C2C3E8CF26F79B4400F7CBAB /* Release */ = {
			isa = XCBuildConfiguration;
			buildSettings = {
				ALWAYS_SEARCH_USER_PATHS = NO;
				CLANG_ANALYZER_NONNULL = YES;
				CLANG_ANALYZER_NUMBER_OBJECT_CONVERSION = YES_AGGRESSIVE;
				CLANG_CXX_LANGUAGE_STANDARD = "gnu++14";
				CLANG_CXX_LIBRARY = "libc++";
				CLANG_ENABLE_MODULES = YES;
				CLANG_ENABLE_OBJC_ARC = YES;
				CLANG_ENABLE_OBJC_WEAK = YES;
				CLANG_WARN_BLOCK_CAPTURE_AUTORELEASING = YES;
				CLANG_WARN_BOOL_CONVERSION = YES;
				CLANG_WARN_COMMA = YES;
				CLANG_WARN_CONSTANT_CONVERSION = YES;
				CLANG_WARN_DEPRECATED_OBJC_IMPLEMENTATIONS = YES;
				CLANG_WARN_DIRECT_OBJC_ISA_USAGE = YES_ERROR;
				CLANG_WARN_DOCUMENTATION_COMMENTS = YES;
				CLANG_WARN_EMPTY_BODY = YES;
				CLANG_WARN_ENUM_CONVERSION = YES;
				CLANG_WARN_INFINITE_RECURSION = YES;
				CLANG_WARN_INT_CONVERSION = YES;
				CLANG_WARN_NON_LITERAL_NULL_CONVERSION = YES;
				CLANG_WARN_OBJC_IMPLICIT_RETAIN_SELF = YES;
				CLANG_WARN_OBJC_LITERAL_CONVERSION = YES;
				CLANG_WARN_OBJC_ROOT_CLASS = YES_ERROR;
				CLANG_WARN_QUOTED_INCLUDE_IN_FRAMEWORK_HEADER = YES;
				CLANG_WARN_RANGE_LOOP_ANALYSIS = YES;
				CLANG_WARN_STRICT_PROTOTYPES = YES;
				CLANG_WARN_SUSPICIOUS_MOVE = YES;
				CLANG_WARN_UNGUARDED_AVAILABILITY = YES_AGGRESSIVE;
				CLANG_WARN_UNREACHABLE_CODE = YES;
				CLANG_WARN__DUPLICATE_METHOD_MATCH = YES;
				COPY_PHASE_STRIP = NO;
				DEBUG_INFORMATION_FORMAT = "dwarf-with-dsym";
				ENABLE_NS_ASSERTIONS = NO;
				ENABLE_STRICT_OBJC_MSGSEND = YES;
				GCC_C_LANGUAGE_STANDARD = gnu11;
				GCC_NO_COMMON_BLOCKS = YES;
				GCC_WARN_64_TO_32_BIT_CONVERSION = YES;
				GCC_WARN_ABOUT_RETURN_TYPE = YES_ERROR;
				GCC_WARN_UNDECLARED_SELECTOR = YES;
				GCC_WARN_UNINITIALIZED_AUTOS = YES_AGGRESSIVE;
				GCC_WARN_UNUSED_FUNCTION = YES;
				GCC_WARN_UNUSED_VARIABLE = YES;
				IPHONEOS_DEPLOYMENT_TARGET = 14.5;
				MTL_ENABLE_DEBUG_INFO = NO;
				MTL_FAST_MATH = YES;
				SDKROOT = iphoneos;
				SWIFT_COMPILATION_MODE = wholemodule;
				SWIFT_OPTIMIZATION_LEVEL = "-O";
				VALIDATE_PRODUCT = YES;
			};
			name = Release;
		};
		C2C3E8D126F79B4400F7CBAB /* Debug */ = {
			isa = XCBuildConfiguration;
			baseConfigurationReference = 981AE9B5341103403301E2A8 /* Pods-FlickerAppSearch.debug.xcconfig */;
			buildSettings = {
				ASSETCATALOG_COMPILER_APPICON_NAME = AppIcon;
				ASSETCATALOG_COMPILER_GLOBAL_ACCENT_COLOR_NAME = AccentColor;
				CODE_SIGN_STYLE = Automatic;
				DEVELOPMENT_TEAM = SCDFL8US66;
				INFOPLIST_FILE = FlickerAppSearch/Info.plist;
				IPHONEOS_DEPLOYMENT_TARGET = 13.0;
				LD_RUNPATH_SEARCH_PATHS = (
					"$(inherited)",
					"@executable_path/Frameworks",
				);
				PRODUCT_BUNDLE_IDENTIFIER = com.FlickerAppSearch;
				PRODUCT_NAME = "$(TARGET_NAME)";
				SWIFT_VERSION = 5.0;
				TARGETED_DEVICE_FAMILY = "1,2";
			};
			name = Debug;
		};
		C2C3E8D226F79B4400F7CBAB /* Release */ = {
			isa = XCBuildConfiguration;
			baseConfigurationReference = 9D23467469DDC15874D6FB9B /* Pods-FlickerAppSearch.release.xcconfig */;
			buildSettings = {
				ASSETCATALOG_COMPILER_APPICON_NAME = AppIcon;
				ASSETCATALOG_COMPILER_GLOBAL_ACCENT_COLOR_NAME = AccentColor;
				CODE_SIGN_STYLE = Automatic;
				DEVELOPMENT_TEAM = SCDFL8US66;
				INFOPLIST_FILE = FlickerAppSearch/Info.plist;
				IPHONEOS_DEPLOYMENT_TARGET = 13.0;
				LD_RUNPATH_SEARCH_PATHS = (
					"$(inherited)",
					"@executable_path/Frameworks",
				);
				PRODUCT_BUNDLE_IDENTIFIER = com.FlickerAppSearch;
				PRODUCT_NAME = "$(TARGET_NAME)";
				SWIFT_VERSION = 5.0;
				TARGETED_DEVICE_FAMILY = "1,2";
			};
			name = Release;
		};
		C2C3E8D426F79B4400F7CBAB /* Debug */ = {
			isa = XCBuildConfiguration;
			baseConfigurationReference = 3B5776BE657003E91075F24E /* Pods-FlickerAppSearchTests.debug.xcconfig */;
			buildSettings = {
				BUNDLE_LOADER = "$(TEST_HOST)";
				CODE_SIGN_STYLE = Automatic;
				DEVELOPMENT_TEAM = SCDFL8US66;
				INFOPLIST_FILE = FlickerAppSearchTests/Info.plist;
				IPHONEOS_DEPLOYMENT_TARGET = 14.5;
				LD_RUNPATH_SEARCH_PATHS = (
					"$(inherited)",
					"@executable_path/Frameworks",
					"@loader_path/Frameworks",
				);
				PRODUCT_BUNDLE_IDENTIFIER = com.FlickerAppSearchTests;
				PRODUCT_NAME = "$(TARGET_NAME)";
				SWIFT_VERSION = 5.0;
				TARGETED_DEVICE_FAMILY = "1,2";
				TEST_HOST = "$(BUILT_PRODUCTS_DIR)/FlickerAppSearch.app/FlickerAppSearch";
			};
			name = Debug;
		};
		C2C3E8D526F79B4400F7CBAB /* Release */ = {
			isa = XCBuildConfiguration;
			baseConfigurationReference = A5A79059922596446FABDA12 /* Pods-FlickerAppSearchTests.release.xcconfig */;
			buildSettings = {
				BUNDLE_LOADER = "$(TEST_HOST)";
				CODE_SIGN_STYLE = Automatic;
				DEVELOPMENT_TEAM = SCDFL8US66;
				INFOPLIST_FILE = FlickerAppSearchTests/Info.plist;
				IPHONEOS_DEPLOYMENT_TARGET = 14.5;
				LD_RUNPATH_SEARCH_PATHS = (
					"$(inherited)",
					"@executable_path/Frameworks",
					"@loader_path/Frameworks",
				);
				PRODUCT_BUNDLE_IDENTIFIER = com.FlickerAppSearchTests;
				PRODUCT_NAME = "$(TARGET_NAME)";
				SWIFT_VERSION = 5.0;
				TARGETED_DEVICE_FAMILY = "1,2";
				TEST_HOST = "$(BUILT_PRODUCTS_DIR)/FlickerAppSearch.app/FlickerAppSearch";
			};
			name = Release;
		};
		C2C3E8D726F79B4400F7CBAB /* Debug */ = {
			isa = XCBuildConfiguration;
			baseConfigurationReference = 4CEBC86475D051F90EAF4403 /* Pods-FlickerAppSearch-FlickerAppSearchUITests.debug.xcconfig */;
			buildSettings = {
				CODE_SIGN_STYLE = Automatic;
				DEVELOPMENT_TEAM = SCDFL8US66;
				INFOPLIST_FILE = FlickerAppSearchUITests/Info.plist;
				LD_RUNPATH_SEARCH_PATHS = (
					"$(inherited)",
					"@executable_path/Frameworks",
					"@loader_path/Frameworks",
				);
				PRODUCT_BUNDLE_IDENTIFIER = com.FlickerAppSearchUITests;
				PRODUCT_NAME = "$(TARGET_NAME)";
				SWIFT_VERSION = 5.0;
				TARGETED_DEVICE_FAMILY = "1,2";
				TEST_TARGET_NAME = FlickerAppSearch;
			};
			name = Debug;
		};
		C2C3E8D826F79B4400F7CBAB /* Release */ = {
			isa = XCBuildConfiguration;
			baseConfigurationReference = 8583FBA2928A52A00E576A92 /* Pods-FlickerAppSearch-FlickerAppSearchUITests.release.xcconfig */;
			buildSettings = {
				CODE_SIGN_STYLE = Automatic;
				DEVELOPMENT_TEAM = SCDFL8US66;
				INFOPLIST_FILE = FlickerAppSearchUITests/Info.plist;
				LD_RUNPATH_SEARCH_PATHS = (
					"$(inherited)",
					"@executable_path/Frameworks",
					"@loader_path/Frameworks",
				);
				PRODUCT_BUNDLE_IDENTIFIER = com.FlickerAppSearchUITests;
				PRODUCT_NAME = "$(TARGET_NAME)";
				SWIFT_VERSION = 5.0;
				TARGETED_DEVICE_FAMILY = "1,2";
				TEST_TARGET_NAME = FlickerAppSearch;
			};
			name = Release;
		};
/* End XCBuildConfiguration section */

/* Begin XCConfigurationList section */
		C2C3E89E26F79B4300F7CBAB /* Build configuration list for PBXProject "FlickerAppSearch" */ = {
			isa = XCConfigurationList;
			buildConfigurations = (
				C2C3E8CE26F79B4400F7CBAB /* Debug */,
				C2C3E8CF26F79B4400F7CBAB /* Release */,
			);
			defaultConfigurationIsVisible = 0;
			defaultConfigurationName = Release;
		};
		C2C3E8D026F79B4400F7CBAB /* Build configuration list for PBXNativeTarget "FlickerAppSearch" */ = {
			isa = XCConfigurationList;
			buildConfigurations = (
				C2C3E8D126F79B4400F7CBAB /* Debug */,
				C2C3E8D226F79B4400F7CBAB /* Release */,
			);
			defaultConfigurationIsVisible = 0;
			defaultConfigurationName = Release;
		};
		C2C3E8D326F79B4400F7CBAB /* Build configuration list for PBXNativeTarget "FlickerAppSearchTests" */ = {
			isa = XCConfigurationList;
			buildConfigurations = (
				C2C3E8D426F79B4400F7CBAB /* Debug */,
				C2C3E8D526F79B4400F7CBAB /* Release */,
			);
			defaultConfigurationIsVisible = 0;
			defaultConfigurationName = Release;
		};
		C2C3E8D626F79B4400F7CBAB /* Build configuration list for PBXNativeTarget "FlickerAppSearchUITests" */ = {
			isa = XCConfigurationList;
			buildConfigurations = (
				C2C3E8D726F79B4400F7CBAB /* Debug */,
				C2C3E8D826F79B4400F7CBAB /* Release */,
			);
			defaultConfigurationIsVisible = 0;
			defaultConfigurationName = Release;
		};
/* End XCConfigurationList section */

/* Begin XCVersionGroup section */
		C2C3E8AF26F79B4300F7CBAB /* FlickerAppSearch.xcdatamodeld */ = {
			isa = XCVersionGroup;
			children = (
				C2C3E8B026F79B4300F7CBAB /* FlickerAppSearch.xcdatamodel */,
			);
			currentVersion = C2C3E8B026F79B4300F7CBAB /* FlickerAppSearch.xcdatamodel */;
			path = FlickerAppSearch.xcdatamodeld;
			sourceTree = "<group>";
			versionGroupType = wrapper.xcdatamodel;
		};
/* End XCVersionGroup section */
	};
	rootObject = C2C3E89B26F79B4300F7CBAB /* Project object */;
}
